// !$*UTF8*$!
{
	archiveVersion = 1;
	classes = {
	};
	objectVersion = 77;
	objects = {

/* Begin PBXBuildFile section */
		2A021267300C70700040119E /* ApuSeqIcon.icon in Resources */ = {isa = PBXBuildFile; fileRef = 2A021266300C70700040119E /* ApuSeqIcon.icon */; };
		9A0000012F9FAAAA00434619 /* ApuSeqQuickLookExtension.appex in Embed Foundation Extensions */ = {isa = PBXBuildFile; fileRef = 9A0000022F9FAAAA00434619 /* ApuSeqQuickLookExtension.appex */; };
/* End PBXBuildFile section */

/* Begin PBXContainerItemProxy section */
		2AD865A83012185700872719 /* PBXContainerItemProxy */ = {
			isa = PBXContainerItemProxy;
			containerPortal = 2AE5D2212F9F91EF00434619 /* Project object */;
			proxyType = 1;
			remoteGlobalIDString = 2AE5D2282F9F91EF00434619;
			remoteInfo = ApuSeq;
		};
		2AD865B830121D1C00872719 /* PBXContainerItemProxy */ = {
			isa = PBXContainerItemProxy;
			containerPortal = 2AE5D2212F9F91EF00434619 /* Project object */;
			proxyType = 1;
			remoteGlobalIDString = 2AE5D2282F9F91EF00434619;
			remoteInfo = ApuSeq;
		};
		9A00000A2F9FAAAA00434619 /* PBXContainerItemProxy */ = {
			isa = PBXContainerItemProxy;
			containerPortal = 2AE5D2212F9F91EF00434619 /* Project object */;
			proxyType = 1;
			remoteGlobalIDString = 9A0000092F9FAAAA00434619;
			remoteInfo = ApuSeqQuickLookExtension;
		};
/* End PBXContainerItemProxy section */

/* Begin PBXCopyFilesBuildPhase section */
		9A0000052F9FAAAA00434619 /* Embed Foundation Extensions */ = {
			isa = PBXCopyFilesBuildPhase;
			buildActionMask = 2147483647;
			dstPath = "";
			dstSubfolderSpec = 13;
			files = (
				9A0000012F9FAAAA00434619 /* ApuSeqQuickLookExtension.appex in Embed Foundation Extensions */,
			);
			name = "Embed Foundation Extensions";
			runOnlyForDeploymentPostprocessing = 0;
		};
/* End PBXCopyFilesBuildPhase section */

/* Begin PBXFileReference section */
		2A021266300C70700040119E /* ApuSeqIcon.icon */ = {isa = PBXFileReference; lastKnownFileType = folder.iconcomposer.icon; path = ApuSeqIcon.icon; sourceTree = "<group>"; };
		2AD865A43012185700872719 /* ApuSeqTests.xctest */ = {isa = PBXFileReference; explicitFileType = wrapper.cfbundle; includeInIndex = 0; path = ApuSeqTests.xctest; sourceTree = BUILT_PRODUCTS_DIR; };
		2AD865AD301218B600872719 /* ApuSeq.xctestplan */ = {isa = PBXFileReference; lastKnownFileType = text; path = ApuSeq.xctestplan; sourceTree = "<group>"; };
		2AD865B230121D1C00872719 /* ApuSeqUITests.xctest */ = {isa = PBXFileReference; explicitFileType = wrapper.cfbundle; includeInIndex = 0; path = ApuSeqUITests.xctest; sourceTree = BUILT_PRODUCTS_DIR; };
		2AE5D2292F9F91EF00434619 /* ApuSeq.app */ = {isa = PBXFileReference; explicitFileType = wrapper.application; includeInIndex = 0; path = ApuSeq.app; sourceTree = BUILT_PRODUCTS_DIR; };
		9A0000022F9FAAAA00434619 /* ApuSeqQuickLookExtension.appex */ = {isa = PBXFileReference; explicitFileType = "wrapper.app-extension"; includeInIndex = 0; path = ApuSeqQuickLookExtension.appex; sourceTree = BUILT_PRODUCTS_DIR; };
/* End PBXFileReference section */

/* Begin PBXFileSystemSynchronizedBuildFileExceptionSet section */
		2A0212A6300C9CA90040119E /* Exceptions for "ApuSeq" folder in "ApuSeqQuickLookExtension" target */ = {
			isa = PBXFileSystemSynchronizedBuildFileExceptionSet;
			membershipExceptions = (
				Core/TextDecoding.swift,
			);
			target = 9A0000092F9FAAAA00434619 /* ApuSeqQuickLookExtension */;
		};
		2AE5D2352F9F91F000434619 /* Exceptions for "ApuSeq" folder in "ApuSeq" target */ = {
			isa = PBXFileSystemSynchronizedBuildFileExceptionSet;
			membershipExceptions = (
				Info.plist,
			);
			target = 2AE5D2282F9F91EF00434619 /* ApuSeq */;
		};
		9A0000032F9FAAAA00434619 /* Exceptions for "ApuSeqQuickLookExtension" folder in "ApuSeqQuickLookExtension" target */ = {
			isa = PBXFileSystemSynchronizedBuildFileExceptionSet;
			membershipExceptions = (
				Info.plist,
			);
			target = 9A0000092F9FAAAA00434619 /* ApuSeqQuickLookExtension */;
		};
/* End PBXFileSystemSynchronizedBuildFileExceptionSet section */

/* Begin PBXFileSystemSynchronizedRootGroup section */
		2AD865A53012185700872719 /* ApuSeqTests */ = {
			isa = PBXFileSystemSynchronizedRootGroup;
			path = ApuSeqTests;
			sourceTree = "<group>";
		};
		2AD865B330121D1C00872719 /* ApuSeqUITests */ = {
			isa = PBXFileSystemSynchronizedRootGroup;
			path = ApuSeqUITests;
			sourceTree = "<group>";
		};
		2AE5D22B2F9F91EF00434619 /* ApuSeq */ = {
			isa = PBXFileSystemSynchronizedRootGroup;
			exceptions = (
				2AE5D2352F9F91F000434619 /* Exceptions for "ApuSeq" folder in "ApuSeq" target */,
				2A0212A6300C9CA90040119E /* Exceptions for "ApuSeq" folder in "ApuSeqQuickLookExtension" target */,
			);
			path = ApuSeq;
			sourceTree = "<group>";
		};
		9A0000042F9FAAAA00434619 /* ApuSeqQuickLookExtension */ = {
			isa = PBXFileSystemSynchronizedRootGroup;
			exceptions = (
				9A0000032F9FAAAA00434619 /* Exceptions for "ApuSeqQuickLookExtension" folder in "ApuSeqQuickLookExtension" target */,
			);
			path = ApuSeqQuickLookExtension;
			sourceTree = "<group>";
		};
/* End PBXFileSystemSynchronizedRootGroup section */

/* Begin PBXFrameworksBuildPhase section */
		2AD865A13012185700872719 /* Frameworks */ = {
			isa = PBXFrameworksBuildPhase;
			buildActionMask = 2147483647;
			files = (
			);
			runOnlyForDeploymentPostprocessing = 0;
		};
		2AD865AF30121D1C00872719 /* Frameworks */ = {
			isa = PBXFrameworksBuildPhase;
			buildActionMask = 2147483647;
			files = (
			);
			runOnlyForDeploymentPostprocessing = 0;
		};
		2AE5D2262F9F91EF00434619 /* Frameworks */ = {
			isa = PBXFrameworksBuildPhase;
			buildActionMask = 2147483647;
			files = (
			);
			runOnlyForDeploymentPostprocessing = 0;
		};
		9A0000062F9FAAAA00434619 /* Frameworks */ = {
			isa = PBXFrameworksBuildPhase;
			buildActionMask = 2147483647;
			files = (
			);
			runOnlyForDeploymentPostprocessing = 0;
		};
/* End PBXFrameworksBuildPhase section */

/* Begin PBXGroup section */
		2AE5D2202F9F91EF00434619 = {
			isa = PBXGroup;
			children = (
				2AD865AD301218B600872719 /* ApuSeq.xctestplan */,
				2AE5D22B2F9F91EF00434619 /* ApuSeq */,
				9A0000042F9FAAAA00434619 /* ApuSeqQuickLookExtension */,
				2AD865A53012185700872719 /* ApuSeqTests */,
				2AD865B330121D1C00872719 /* ApuSeqUITests */,
				2AE5D22A2F9F91EF00434619 /* Products */,
				2A021266300C70700040119E /* ApuSeqIcon.icon */,
			);
			sourceTree = "<group>";
		};
		2AE5D22A2F9F91EF00434619 /* Products */ = {
			isa = PBXGroup;
			children = (
				2AE5D2292F9F91EF00434619 /* ApuSeq.app */,
				9A0000022F9FAAAA00434619 /* ApuSeqQuickLookExtension.appex */,
				2AD865A43012185700872719 /* ApuSeqTests.xctest */,
				2AD865B230121D1C00872719 /* ApuSeqUITests.xctest */,
			);
			name = Products;
			sourceTree = "<group>";
		};
/* End PBXGroup section */

/* Begin PBXNativeTarget section */
		2AD865A33012185700872719 /* ApuSeqTests */ = {
			isa = PBXNativeTarget;
			buildConfigurationList = 2AD865AA3012185700872719 /* Build configuration list for PBXNativeTarget "ApuSeqTests" */;
			buildPhases = (
				2AD865A03012185700872719 /* Sources */,
				2AD865A13012185700872719 /* Frameworks */,
				2AD865A23012185700872719 /* Resources */,
			);
			buildRules = (
			);
			dependencies = (
				2AD865A93012185700872719 /* PBXTargetDependency */,
			);
			fileSystemSynchronizedGroups = (
				2AD865A53012185700872719 /* ApuSeqTests */,
			);
			name = ApuSeqTests;
			packageProductDependencies = (
			);
			productName = ApuSeqTests;
			productReference = 2AD865A43012185700872719 /* ApuSeqTests.xctest */;
			productType = "com.apple.product-type.bundle.unit-test";
		};
		2AD865B130121D1C00872719 /* ApuSeqUITests */ = {
			isa = PBXNativeTarget;
			buildConfigurationList = 2AD865BA30121D1C00872719 /* Build configuration list for PBXNativeTarget "ApuSeqUITests" */;
			buildPhases = (
				2AD865AE30121D1C00872719 /* Sources */,
				2AD865AF30121D1C00872719 /* Frameworks */,
				2AD865B030121D1C00872719 /* Resources */,
			);
			buildRules = (
			);
			dependencies = (
				2AD865B930121D1C00872719 /* PBXTargetDependency */,
			);
			fileSystemSynchronizedGroups = (
				2AD865B330121D1C00872719 /* ApuSeqUITests */,
			);
			name = ApuSeqUITests;
			packageProductDependencies = (
			);
			productName = ApuSeqUITests;
			productReference = 2AD865B230121D1C00872719 /* ApuSeqUITests.xctest */;
			productType = "com.apple.product-type.bundle.ui-testing";
		};
		2AE5D2282F9F91EF00434619 /* ApuSeq */ = {
			isa = PBXNativeTarget;
			buildConfigurationList = 2AE5D2362F9F91F000434619 /* Build configuration list for PBXNativeTarget "ApuSeq" */;
			buildPhases = (
				2AE5D2252F9F91EF00434619 /* Sources */,
				2AE5D2262F9F91EF00434619 /* Frameworks */,
				2AE5D2272F9F91EF00434619 /* Resources */,
				9A0000052F9FAAAA00434619 /* Embed Foundation Extensions */,
				2A94B5BC300EE947006BEC57 /* ShellScript */,
			);
			buildRules = (
			);
			dependencies = (
				9A00000B2F9FAAAA00434619 /* PBXTargetDependency */,
			);
			fileSystemSynchronizedGroups = (
				2AE5D22B2F9F91EF00434619 /* ApuSeq */,
			);
			name = ApuSeq;
			packageProductDependencies = (
			);
			productName = ApuSeq;
			productReference = 2AE5D2292F9F91EF00434619 /* ApuSeq.app */;
			productType = "com.apple.product-type.application";
		};
		9A0000092F9FAAAA00434619 /* ApuSeqQuickLookExtension */ = {
			isa = PBXNativeTarget;
			buildConfigurationList = 9A00000C2F9FAAAA00434619 /* Build configuration list for PBXNativeTarget "ApuSeqQuickLookExtension" */;
			buildPhases = (
				9A0000082F9FAAAA00434619 /* Sources */,
				9A0000062F9FAAAA00434619 /* Frameworks */,
				9A0000072F9FAAAA00434619 /* Resources */,
			);
			buildRules = (
			);
			dependencies = (
			);
			fileSystemSynchronizedGroups = (
				9A0000042F9FAAAA00434619 /* ApuSeqQuickLookExtension */,
			);
			name = ApuSeqQuickLookExtension;
			packageProductDependencies = (
			);
			productName = ApuSeqQuickLookExtension;
			productReference = 9A0000022F9FAAAA00434619 /* ApuSeqQuickLookExtension.appex */;
			productType = "com.apple.product-type.app-extension";
		};
/* End PBXNativeTarget section */

/* Begin PBXProject section */
		2AE5D2212F9F91EF00434619 /* Project object */ = {
			isa = PBXProject;
			attributes = {
				BuildIndependentTargetsInParallel = 1;
				LastSwiftUpdateCheck = 2660;
				LastUpgradeCheck = 2660;
				TargetAttributes = {
					2AD865A33012185700872719 = {
						CreatedOnToolsVersion = 26.6;
						TestTargetID = 2AE5D2282F9F91EF00434619;
					};
					2AD865B130121D1C00872719 = {
						CreatedOnToolsVersion = 26.6;
						TestTargetID = 2AE5D2282F9F91EF00434619;
					};
					2AE5D2282F9F91EF00434619 = {
						CreatedOnToolsVersion = 26.4.1;
					};
					9A0000092F9FAAAA00434619 = {
						CreatedOnToolsVersion = 26.4.1;
					};
				};
			};
			buildConfigurationList = 2AE5D2242F9F91EF00434619 /* Build configuration list for PBXProject "ApuSeq" */;
			developmentRegion = en;
			hasScannedForEncodings = 0;
			knownRegions = (
				en,
				Base,
				ja,
			);
			mainGroup = 2AE5D2202F9F91EF00434619;
			minimizedProjectReferenceProxies = 1;
			preferredProjectObjectVersion = 77;
			productRefGroup = 2AE5D22A2F9F91EF00434619 /* Products */;
			projectDirPath = "";
			projectRoot = "";
			targets = (
				2AE5D2282F9F91EF00434619 /* ApuSeq */,
				9A0000092F9FAAAA00434619 /* ApuSeqQuickLookExtension */,
				2AD865A33012185700872719 /* ApuSeqTests */,
				2AD865B130121D1C00872719 /* ApuSeqUITests */,
			);
		};
/* End PBXProject section */

/* Begin PBXResourcesBuildPhase section */
		2AD865A23012185700872719 /* Resources */ = {
			isa = PBXResourcesBuildPhase;
			buildActionMask = 2147483647;
			files = (
			);
			runOnlyForDeploymentPostprocessing = 0;
		};
		2AD865B030121D1C00872719 /* Resources */ = {
			isa = PBXResourcesBuildPhase;
			buildActionMask = 2147483647;
			files = (
			);
			runOnlyForDeploymentPostprocessing = 0;
		};
		2AE5D2272F9F91EF00434619 /* Resources */ = {
			isa = PBXResourcesBuildPhase;
			buildActionMask = 2147483647;
			files = (
				2A021267300C70700040119E /* ApuSeqIcon.icon in Resources */,
			);
			runOnlyForDeploymentPostprocessing = 0;
		};
		9A0000072F9FAAAA00434619 /* Resources */ = {
			isa = PBXResourcesBuildPhase;
			buildActionMask = 2147483647;
			files = (
			);
			runOnlyForDeploymentPostprocessing = 0;
		};
/* End PBXResourcesBuildPhase section */

/* Begin PBXShellScriptBuildPhase section */
		2A94B5BC300EE947006BEC57 /* ShellScript */ = {
			isa = PBXShellScriptBuildPhase;
			buildActionMask = 2147483647;
			files = (
			);
			inputFileListPaths = (
				"$(SRCROOT)/Scripts/mafft-input-files.xcfilelist",
			);
			inputPaths = (
				"$(SRCROOT)/Scripts/copy-and-sign-mafft.sh",
				"$(SRCROOT)/Signing/MAFFTHelper.entitlements",
			);
			outputFileListPaths = (
				"$(SRCROOT)/Scripts/mafft-output-files.xcfilelist",
			);
			outputPaths = (
			);
			runOnlyForDeploymentPostprocessing = 0;
			shellPath = /bin/sh;
			shellScript = "\"$SRCROOT/Scripts/copy-and-sign-mafft.sh\"\n";
		};
/* End PBXShellScriptBuildPhase section */

/* Begin PBXSourcesBuildPhase section */
		2AD865A03012185700872719 /* Sources */ = {
			isa = PBXSourcesBuildPhase;
			buildActionMask = 2147483647;
			files = (
			);
			runOnlyForDeploymentPostprocessing = 0;
		};
		2AD865AE30121D1C00872719 /* Sources */ = {
			isa = PBXSourcesBuildPhase;
			buildActionMask = 2147483647;
			files = (
			);
			runOnlyForDeploymentPostprocessing = 0;
		};
		2AE5D2252F9F91EF00434619 /* Sources */ = {
			isa = PBXSourcesBuildPhase;
			buildActionMask = 2147483647;
			files = (
			);
			runOnlyForDeploymentPostprocessing = 0;
		};
		9A0000082F9FAAAA00434619 /* Sources */ = {
			isa = PBXSourcesBuildPhase;
			buildActionMask = 2147483647;
			files = (
			);
			runOnlyForDeploymentPostprocessing = 0;
		};
/* End PBXSourcesBuildPhase section */

/* Begin PBXTargetDependency section */
		2AD865A93012185700872719 /* PBXTargetDependency */ = {
			isa = PBXTargetDependency;
			target = 2AE5D2282F9F91EF00434619 /* ApuSeq */;
			targetProxy = 2AD865A83012185700872719 /* PBXContainerItemProxy */;
		};
		2AD865B930121D1C00872719 /* PBXTargetDependency */ = {
			isa = PBXTargetDependency;
			target = 2AE5D2282F9F91EF00434619 /* ApuSeq */;
			targetProxy = 2AD865B830121D1C00872719 /* PBXContainerItemProxy */;
		};
		9A00000B2F9FAAAA00434619 /* PBXTargetDependency */ = {
			isa = PBXTargetDependency;
			target = 9A0000092F9FAAAA00434619 /* ApuSeqQuickLookExtension */;
			targetProxy = 9A00000A2F9FAAAA00434619 /* PBXContainerItemProxy */;
		};
/* End PBXTargetDependency section */

/* Begin XCBuildConfiguration section */
		2AD865AB3012185700872719 /* Debug */ = {
			isa = XCBuildConfiguration;
			buildSettings = {
				BUNDLE_LOADER = "$(TEST_HOST)";
				CODE_SIGN_STYLE = Automatic;
				CURRENT_PROJECT_VERSION = 1;
				DEVELOPMENT_TEAM = BWQNJKHB97;
				GENERATE_INFOPLIST_FILE = YES;
				MACOSX_DEPLOYMENT_TARGET = 26.0;
				MARKETING_VERSION = 1.0;
				PRODUCT_BUNDLE_IDENTIFIER = "ryo-d9.ApuSeqTests";
				PRODUCT_NAME = "$(TARGET_NAME)";
				STRING_CATALOG_GENERATE_SYMBOLS = NO;
				SWIFT_APPROACHABLE_CONCURRENCY = YES;
				SWIFT_EMIT_LOC_STRINGS = NO;
				SWIFT_UPCOMING_FEATURE_MEMBER_IMPORT_VISIBILITY = YES;
				SWIFT_VERSION = 5.0;
				TEST_HOST = "$(BUILT_PRODUCTS_DIR)/ApuSeq.app/$(BUNDLE_EXECUTABLE_FOLDER_PATH)/ApuSeq";
			};
			name = Debug;
		};
		2AD865AC3012185700872719 /* Release */ = {
			isa = XCBuildConfiguration;
			buildSettings = {
				BUNDLE_LOADER = "$(TEST_HOST)";
				CODE_SIGN_STYLE = Automatic;
				CURRENT_PROJECT_VERSION = 1;
				DEVELOPMENT_TEAM = BWQNJKHB97;
				GENERATE_INFOPLIST_FILE = YES;
				MACOSX_DEPLOYMENT_TARGET = 26.0;
				MARKETING_VERSION = 1.0;
				PRODUCT_BUNDLE_IDENTIFIER = "ryo-d9.ApuSeqTests";
				PRODUCT_NAME = "$(TARGET_NAME)";
				STRING_CATALOG_GENERATE_SYMBOLS = NO;
				SWIFT_APPROACHABLE_CONCURRENCY = YES;
				SWIFT_EMIT_LOC_STRINGS = NO;
				SWIFT_UPCOMING_FEATURE_MEMBER_IMPORT_VISIBILITY = YES;
				SWIFT_VERSION = 5.0;
				TEST_HOST = "$(BUILT_PRODUCTS_DIR)/ApuSeq.app/$(BUNDLE_EXECUTABLE_FOLDER_PATH)/ApuSeq";
			};
			name = Release;
		};
		2AD865BB30121D1C00872719 /* Debug */ = {
			isa = XCBuildConfiguration;
			buildSettings = {
				CODE_SIGN_STYLE = Automatic;
				CURRENT_PROJECT_VERSION = 1;
				DEVELOPMENT_TEAM = BWQNJKHB97;
				GENERATE_INFOPLIST_FILE = YES;
				MACOSX_DEPLOYMENT_TARGET = 26.0;
				MARKETING_VERSION = 1.0;
				PRODUCT_BUNDLE_IDENTIFIER = "ryo-d9.ApuSeqUITests";
				PRODUCT_NAME = "$(TARGET_NAME)";
				STRING_CATALOG_GENERATE_SYMBOLS = NO;
				SWIFT_APPROACHABLE_CONCURRENCY = YES;
				SWIFT_EMIT_LOC_STRINGS = NO;
				SWIFT_UPCOMING_FEATURE_MEMBER_IMPORT_VISIBILITY = YES;
				SWIFT_VERSION = 5.0;
				TEST_TARGET_NAME = ApuSeq;
			};
			name = Debug;
		};
		2AD865BC30121D1C00872719 /* Release */ = {
			isa = XCBuildConfiguration;
			buildSettings = {
				CODE_SIGN_STYLE = Automatic;
				CURRENT_PROJECT_VERSION = 1;
				DEVELOPMENT_TEAM = BWQNJKHB97;
				GENERATE_INFOPLIST_FILE = YES;
				MACOSX_DEPLOYMENT_TARGET = 26.0;
				MARKETING_VERSION = 1.0;
				PRODUCT_BUNDLE_IDENTIFIER = "ryo-d9.ApuSeqUITests";
				PRODUCT_NAME = "$(TARGET_NAME)";
				STRING_CATALOG_GENERATE_SYMBOLS = NO;
				SWIFT_APPROACHABLE_CONCURRENCY = YES;
				SWIFT_EMIT_LOC_STRINGS = NO;
				SWIFT_UPCOMING_FEATURE_MEMBER_IMPORT_VISIBILITY = YES;
				SWIFT_VERSION = 5.0;
				TEST_TARGET_NAME = ApuSeq;
			};
			name = Release;
		};
		2AE5D2372F9F91F000434619 /* Debug */ = {
			isa = XCBuildConfiguration;
			buildSettings = {
				ASSETCATALOG_COMPILER_APPICON_NAME = ApuSeqIcon;
				ASSETCATALOG_COMPILER_GLOBAL_ACCENT_COLOR_NAME = AccentColor;
				CODE_SIGN_STYLE = Automatic;
				COMBINE_HIDPI_IMAGES = YES;
				CURRENT_PROJECT_VERSION = 31;
				DEAD_CODE_STRIPPING = YES;
				DEVELOPMENT_TEAM = BWQNJKHB97;
				ENABLE_APP_SANDBOX = YES;
				ENABLE_HARDENED_RUNTIME = YES;
				ENABLE_INCOMING_NETWORK_CONNECTIONS = NO;
				ENABLE_OUTGOING_NETWORK_CONNECTIONS = NO;
				ENABLE_PREVIEWS = YES;
				ENABLE_RESOURCE_ACCESS_AUDIO_INPUT = NO;
				ENABLE_RESOURCE_ACCESS_BLUETOOTH = NO;
				ENABLE_RESOURCE_ACCESS_CALENDARS = NO;
				ENABLE_RESOURCE_ACCESS_CAMERA = NO;
				ENABLE_RESOURCE_ACCESS_CONTACTS = NO;
				ENABLE_RESOURCE_ACCESS_LOCATION = NO;
				ENABLE_RESOURCE_ACCESS_PRINTING = YES;
				ENABLE_RESOURCE_ACCESS_USB = NO;
				ENABLE_USER_SELECTED_FILES = readwrite;
				GENERATE_INFOPLIST_FILE = YES;
				INFOPLIST_FILE = ApuSeq/Info.plist;
				INFOPLIST_KEY_LSApplicationCategoryType = "public.app-category.productivity";
				INFOPLIST_KEY_NSHumanReadableCopyright = "";
				"INFOPLIST_KEY_NSHumanReadableCopyright[sdk=*]" = "Copyright © 2026 Ryo Suda";
				LD_RUNPATH_SEARCH_PATHS = (
					"$(inherited)",
					"@executable_path/../Frameworks",
				);
				MACOSX_DEPLOYMENT_TARGET = 26.0;
				MARKETING_VERSION = 1.1.0;
				PRODUCT_BUNDLE_IDENTIFIER = "ryo-d9.ApuSeq";
				PRODUCT_NAME = "$(TARGET_NAME)";
				REGISTER_APP_GROUPS = YES;
				STRING_CATALOG_GENERATE_SYMBOLS = YES;
				SWIFT_APPROACHABLE_CONCURRENCY = YES;
				SWIFT_DEFAULT_ACTOR_ISOLATION = MainActor;
				SWIFT_EMIT_LOC_STRINGS = YES;
				SWIFT_UPCOMING_FEATURE_MEMBER_IMPORT_VISIBILITY = YES;
				SWIFT_VERSION = 5.0;
			};
			name = Debug;
		};
		2AE5D2382F9F91F000434619 /* Release */ = {
			isa = XCBuildConfiguration;
			buildSettings = {
				ASSETCATALOG_COMPILER_APPICON_NAME = ApuSeqIcon;
				ASSETCATALOG_COMPILER_GLOBAL_ACCENT_COLOR_NAME = AccentColor;
				CODE_SIGN_STYLE = Automatic;
				COMBINE_HIDPI_IMAGES = YES;
				CURRENT_PROJECT_VERSION = 31;
				DEAD_CODE_STRIPPING = YES;
				DEVELOPMENT_TEAM = BWQNJKHB97;
				ENABLE_APP_SANDBOX = YES;
				ENABLE_HARDENED_RUNTIME = YES;
				ENABLE_INCOMING_NETWORK_CONNECTIONS = NO;
				ENABLE_OUTGOING_NETWORK_CONNECTIONS = NO;
				ENABLE_PREVIEWS = YES;
				ENABLE_RESOURCE_ACCESS_AUDIO_INPUT = NO;
				ENABLE_RESOURCE_ACCESS_BLUETOOTH = NO;
				ENABLE_RESOURCE_ACCESS_CALENDARS = NO;
				ENABLE_RESOURCE_ACCESS_CAMERA = NO;
				ENABLE_RESOURCE_ACCESS_CONTACTS = NO;
				ENABLE_RESOURCE_ACCESS_LOCATION = NO;
				ENABLE_RESOURCE_ACCESS_PRINTING = YES;
				ENABLE_RESOURCE_ACCESS_USB = NO;
				ENABLE_USER_SELECTED_FILES = readwrite;
				GENERATE_INFOPLIST_FILE = YES;
				INFOPLIST_FILE = ApuSeq/Info.plist;
				INFOPLIST_KEY_LSApplicationCategoryType = "public.app-category.productivity";
				INFOPLIST_KEY_NSHumanReadableCopyright = "";
				"INFOPLIST_KEY_NSHumanReadableCopyright[sdk=*]" = "Copyright © 2026 Ryo Suda";
				LD_RUNPATH_SEARCH_PATHS = (
					"$(inherited)",
					"@executable_path/../Frameworks",
				);
				MACOSX_DEPLOYMENT_TARGET = 26.0;
				MARKETING_VERSION = 1.1.0;
				PRODUCT_BUNDLE_IDENTIFIER = "ryo-d9.ApuSeq";
				PRODUCT_NAME = "$(TARGET_NAME)";
				REGISTER_APP_GROUPS = YES;
				STRING_CATALOG_GENERATE_SYMBOLS = YES;
				SWIFT_APPROACHABLE_CONCURRENCY = YES;
				SWIFT_DEFAULT_ACTOR_ISOLATION = MainActor;
				SWIFT_EMIT_LOC_STRINGS = YES;
				SWIFT_UPCOMING_FEATURE_MEMBER_IMPORT_VISIBILITY = YES;
				SWIFT_VERSION = 5.0;
			};
			name = Release;
		};
		2AE5D2392F9F91F000434619 /* Debug */ = {
			isa = XCBuildConfiguration;
			buildSettings = {
				ALWAYS_SEARCH_USER_PATHS = NO;
				ASSETCATALOG_COMPILER_GENERATE_SWIFT_ASSET_SYMBOL_EXTENSIONS = YES;
				CLANG_ANALYZER_NONNULL = YES;
				CLANG_ANALYZER_NUMBER_OBJECT_CONVERSION = YES_AGGRESSIVE;
				CLANG_CXX_LANGUAGE_STANDARD = "gnu++20";
				CLANG_ENABLE_MODULES = YES;
				CLANG_ENABLE_OBJC_ARC = YES;
				CLANG_ENABLE_OBJC_WEAK = YES;
				CLANG_WARN_BLOCK_CAPTURE_AUTORELEASING = YES;
				CLANG_WARN_BOOL_CONVERSION = YES;
				CLANG_WARN_COMMA = YES;
				CLANG_WARN_CONSTANT_CONVERSION = YES;
				CLANG_WARN_DEPRECATED_OBJC_IMPLEMENTATIONS = YES;
				CLANG_WARN_DIRECT_OBJC_ISA_USAGE = YES_ERROR;
				CLANG_WARN_DOCUMENTATION_COMMENTS = YES;
				CLANG_WARN_EMPTY_BODY = YES;
				CLANG_WARN_ENUM_CONVERSION = YES;
				CLANG_WARN_INFINITE_RECURSION = YES;
				CLANG_WARN_INT_CONVERSION = YES;
				CLANG_WARN_NON_LITERAL_NULL_CONVERSION = YES;
				CLANG_WARN_OBJC_IMPLICIT_RETAIN_SELF = YES;
				CLANG_WARN_OBJC_LITERAL_CONVERSION = YES;
				CLANG_WARN_OBJC_ROOT_CLASS = YES_ERROR;
				CLANG_WARN_QUOTED_INCLUDE_IN_FRAMEWORK_HEADER = YES;
				CLANG_WARN_RANGE_LOOP_ANALYSIS = YES;
				CLANG_WARN_STRICT_PROTOTYPES = YES;
				CLANG_WARN_SUSPICIOUS_MOVE = YES;
				CLANG_WARN_UNGUARDED_AVAILABILITY = YES_AGGRESSIVE;
				CLANG_WARN_UNREACHABLE_CODE = YES;
				CLANG_WARN__DUPLICATE_METHOD_MATCH = YES;
				COPY_PHASE_STRIP = NO;
				DEAD_CODE_STRIPPING = YES;
				DEBUG_INFORMATION_FORMAT = dwarf;
				DEVELOPMENT_TEAM = BWQNJKHB97;
				ENABLE_STRICT_OBJC_MSGSEND = YES;
				ENABLE_TESTABILITY = YES;
				ENABLE_USER_SCRIPT_SANDBOXING = YES;
				GCC_C_LANGUAGE_STANDARD = gnu17;
				GCC_DYNAMIC_NO_PIC = NO;
				GCC_NO_COMMON_BLOCKS = YES;
				GCC_OPTIMIZATION_LEVEL = 0;
				GCC_PREPROCESSOR_DEFINITIONS = (
					"DEBUG=1",
					"$(inherited)",
				);
				GCC_WARN_64_TO_32_BIT_CONVERSION = YES;
				GCC_WARN_ABOUT_RETURN_TYPE = YES_ERROR;
				GCC_WARN_UNDECLARED_SELECTOR = YES;
				GCC_WARN_UNINITIALIZED_AUTOS = YES_AGGRESSIVE;
				GCC_WARN_UNUSED_FUNCTION = YES;
				GCC_WARN_UNUSED_VARIABLE = YES;
				LOCALIZATION_PREFERS_STRING_CATALOGS = YES;
				MACOSX_DEPLOYMENT_TARGET = 26.0;
				MTL_ENABLE_DEBUG_INFO = INCLUDE_SOURCE;
				MTL_FAST_MATH = YES;
				ONLY_ACTIVE_ARCH = YES;
				SDKROOT = macosx;
				STRING_CATALOG_GENERATE_SYMBOLS = YES;
				SWIFT_ACTIVE_COMPILATION_CONDITIONS = "DEBUG $(inherited)";
				SWIFT_OPTIMIZATION_LEVEL = "-Onone";
			};
			name = Debug;
		};
		2AE5D23A2F9F91F000434619 /* Release */ = {
			isa = XCBuildConfiguration;
			buildSettings = {
				ALWAYS_SEARCH_USER_PATHS = NO;
				ASSETCATALOG_COMPILER_GENERATE_SWIFT_ASSET_SYMBOL_EXTENSIONS = YES;
				CLANG_ANALYZER_NONNULL = YES;
				CLANG_ANALYZER_NUMBER_OBJECT_CONVERSION = YES_AGGRESSIVE;
				CLANG_CXX_LANGUAGE_STANDARD = "gnu++20";
				CLANG_ENABLE_MODULES = YES;
				CLANG_ENABLE_OBJC_ARC = YES;
				CLANG_ENABLE_OBJC_WEAK = YES;
				CLANG_WARN_BLOCK_CAPTURE_AUTORELEASING = YES;
				CLANG_WARN_BOOL_CONVERSION = YES;
				CLANG_WARN_COMMA = YES;
				CLANG_WARN_CONSTANT_CONVERSION = YES;
				CLANG_WARN_DEPRECATED_OBJC_IMPLEMENTATIONS = YES;
				CLANG_WARN_DIRECT_OBJC_ISA_USAGE = YES_ERROR;
				CLANG_WARN_DOCUMENTATION_COMMENTS = YES;
				CLANG_WARN_EMPTY_BODY = YES;
				CLANG_WARN_ENUM_CONVERSION = YES;
				CLANG_WARN_INFINITE_RECURSION = YES;
				CLANG_WARN_INT_CONVERSION = YES;
				CLANG_WARN_NON_LITERAL_NULL_CONVERSION = YES;
				CLANG_WARN_OBJC_IMPLICIT_RETAIN_SELF = YES;
				CLANG_WARN_OBJC_LITERAL_CONVERSION = YES;
				CLANG_WARN_OBJC_ROOT_CLASS = YES_ERROR;
				CLANG_WARN_QUOTED_INCLUDE_IN_FRAMEWORK_HEADER = YES;
				CLANG_WARN_RANGE_LOOP_ANALYSIS = YES;
				CLANG_WARN_STRICT_PROTOTYPES = YES;
				CLANG_WARN_SUSPICIOUS_MOVE = YES;
				CLANG_WARN_UNGUARDED_AVAILABILITY = YES_AGGRESSIVE;
				CLANG_WARN_UNREACHABLE_CODE = YES;
				CLANG_WARN__DUPLICATE_METHOD_MATCH = YES;
				COPY_PHASE_STRIP = NO;
				DEAD_CODE_STRIPPING = YES;
				DEBUG_INFORMATION_FORMAT = "dwarf-with-dsym";
				DEVELOPMENT_TEAM = BWQNJKHB97;
				ENABLE_NS_ASSERTIONS = NO;
				ENABLE_STRICT_OBJC_MSGSEND = YES;
				ENABLE_USER_SCRIPT_SANDBOXING = YES;
				GCC_C_LANGUAGE_STANDARD = gnu17;
				GCC_NO_COMMON_BLOCKS = YES;
				GCC_WARN_64_TO_32_BIT_CONVERSION = YES;
				GCC_WARN_ABOUT_RETURN_TYPE = YES_ERROR;
				GCC_WARN_UNDECLARED_SELECTOR = YES;
				GCC_WARN_UNINITIALIZED_AUTOS = YES_AGGRESSIVE;
				GCC_WARN_UNUSED_FUNCTION = YES;
				GCC_WARN_UNUSED_VARIABLE = YES;
				LOCALIZATION_PREFERS_STRING_CATALOGS = YES;
				MACOSX_DEPLOYMENT_TARGET = 26.0;
				MTL_ENABLE_DEBUG_INFO = NO;
				MTL_FAST_MATH = YES;
				SDKROOT = macosx;
				STRING_CATALOG_GENERATE_SYMBOLS = YES;
				SWIFT_COMPILATION_MODE = wholemodule;
			};
			name = Release;
		};
		9A00000D2F9FAAAA00434619 /* Debug */ = {
			isa = XCBuildConfiguration;
			buildSettings = {
				APPLICATION_EXTENSION_API_ONLY = YES;
				CODE_SIGN_STYLE = Automatic;
				CURRENT_PROJECT_VERSION = 31;
				DEAD_CODE_STRIPPING = YES;
				DEVELOPMENT_TEAM = BWQNJKHB97;
				ENABLE_APP_SANDBOX = YES;
				ENABLE_HARDENED_RUNTIME = YES;
				ENABLE_USER_SELECTED_FILES = readwrite;
				GENERATE_INFOPLIST_FILE = NO;
				INFOPLIST_FILE = ApuSeqQuickLookExtension/Info.plist;
				LD_RUNPATH_SEARCH_PATHS = (
					"$(inherited)",
					"@executable_path/../../Frameworks",
					"@executable_path/../Frameworks",
				);
				MACOSX_DEPLOYMENT_TARGET = 26.0;
				MARKETING_VERSION = 1.1.0;
				PRODUCT_BUNDLE_IDENTIFIER = "ryo-d9.ApuSeq.QuickLookExtension";
				PRODUCT_NAME = "$(TARGET_NAME)";
				SKIP_INSTALL = YES;
				SWIFT_VERSION = 5.0;
			};
			name = Debug;
		};
		9A00000E2F9FAAAA00434619 /* Release */ = {
			isa = XCBuildConfiguration;
			buildSettings = {
				APPLICATION_EXTENSION_API_ONLY = YES;
				CODE_SIGN_STYLE = Automatic;
				CURRENT_PROJECT_VERSION = 31;
				DEAD_CODE_STRIPPING = YES;
				DEVELOPMENT_TEAM = BWQNJKHB97;
				ENABLE_APP_SANDBOX = YES;
				ENABLE_HARDENED_RUNTIME = YES;
				ENABLE_USER_SELECTED_FILES = readwrite;
				GENERATE_INFOPLIST_FILE = NO;
				INFOPLIST_FILE = ApuSeqQuickLookExtension/Info.plist;
				LD_RUNPATH_SEARCH_PATHS = (
					"$(inherited)",
					"@executable_path/../../Frameworks",
					"@executable_path/../Frameworks",
				);
				MACOSX_DEPLOYMENT_TARGET = 26.0;
				MARKETING_VERSION = 1.1.0;
				PRODUCT_BUNDLE_IDENTIFIER = "ryo-d9.ApuSeq.QuickLookExtension";
				PRODUCT_NAME = "$(TARGET_NAME)";
				SKIP_INSTALL = YES;
				SWIFT_COMPILATION_MODE = wholemodule;
				SWIFT_VERSION = 5.0;
			};
			name = Release;
		};
/* End XCBuildConfiguration section */

/* Begin XCConfigurationList section */
		2AD865AA3012185700872719 /* Build configuration list for PBXNativeTarget "ApuSeqTests" */ = {
			isa = XCConfigurationList;
			buildConfigurations = (
				2AD865AB3012185700872719 /* Debug */,
				2AD865AC3012185700872719 /* Release */,
			);
			defaultConfigurationIsVisible = 0;
			defaultConfigurationName = Release;
		};
		2AD865BA30121D1C00872719 /* Build configuration list for PBXNativeTarget "ApuSeqUITests" */ = {
			isa = XCConfigurationList;
			buildConfigurations = (
				2AD865BB30121D1C00872719 /* Debug */,
				2AD865BC30121D1C00872719 /* Release */,
			);
			defaultConfigurationIsVisible = 0;
			defaultConfigurationName = Release;
		};
		2AE5D2242F9F91EF00434619 /* Build configuration list for PBXProject "ApuSeq" */ = {
			isa = XCConfigurationList;
			buildConfigurations = (
				2AE5D2392F9F91F000434619 /* Debug */,
				2AE5D23A2F9F91F000434619 /* Release */,
			);
			defaultConfigurationIsVisible = 0;
			defaultConfigurationName = Release;
		};
		2AE5D2362F9F91F000434619 /* Build configuration list for PBXNativeTarget "ApuSeq" */ = {
			isa = XCConfigurationList;
			buildConfigurations = (
				2AE5D2372F9F91F000434619 /* Debug */,
				2AE5D2382F9F91F000434619 /* Release */,
			);
			defaultConfigurationIsVisible = 0;
			defaultConfigurationName = Release;
		};
		9A00000C2F9FAAAA00434619 /* Build configuration list for PBXNativeTarget "ApuSeqQuickLookExtension" */ = {
			isa = XCConfigurationList;
			buildConfigurations = (
				9A00000D2F9FAAAA00434619 /* Debug */,
				9A00000E2F9FAAAA00434619 /* Release */,
			);
			defaultConfigurationIsVisible = 0;
			defaultConfigurationName = Release;
		};
/* End XCConfigurationList section */
	};
	rootObject = 2AE5D2212F9F91EF00434619 /* Project object */;
}
